
Microsoft Visual Studio Solution File, Format Version 12.00
# Visual Studio 15
VisualStudioVersion = 15.0.28010.2050
MinimumVisualStudioVersion = 10.0.40219.1
Project("{FAE04EC0-301F-11D3-BF4B-00C04F79EFBC}") = "BaltbetProj", "BaltbetProj\BaltbetProj.csproj", "{1FEA3FB8-06B1-42F8-A21A-496E47933855}"
	ProjectSection(ProjectDependencies) = postProject
		{9956583D-2D94-49E0-82D3-F13C8AA2389E} = {9956583D-2D94-49E0-82D3-F13C8AA2389E}
	EndProjectSection
EndProject
Project("{FAE04EC0-301F-11D3-BF4B-00C04F79EFBC}") = "BaltbetWCF", "BaltbetWCF\BaltbetWCF.csproj", "{9956583D-2D94-49E0-82D3-F13C8AA2389E}"
EndProject
Global
	GlobalSection(SolutionConfigurationPlatforms) = preSolution
		Debug|Any CPU = Debug|Any CPU
		Release|Any CPU = Release|Any CPU
	EndGlobalSection
	GlobalSection(ProjectConfigurationPlatforms) = postSolution
		{1FEA3FB8-06B1-42F8-A21A-496E47933855}.Debug|Any CPU.ActiveCfg = Debug|Any CPU
		{1FEA3FB8-06B1-42F8-A21A-496E47933855}.Debug|Any CPU.Build.0 = Debug|Any CPU
		{1FEA3FB8-06B1-42F8-A21A-496E47933855}.Release|Any CPU.ActiveCfg = Release|Any CPU
		{1FEA3FB8-06B1-42F8-A21A-496E47933855}.Release|Any CPU.Build.0 = Release|Any CPU
		{9956583D-2D94-49E0-82D3-F13C8AA2389E}.Debug|Any CPU.ActiveCfg = Debug|Any CPU
		{9956583D-2D94-49E0-82D3-F13C8AA2389E}.Debug|Any CPU.Build.0 = Debug|Any CPU
		{9956583D-2D94-49E0-82D3-F13C8AA2389E}.Release|Any CPU.ActiveCfg = Release|Any CPU
		{9956583D-2D94-49E0-82D3-F13C8AA2389E}.Release|Any CPU.Build.0 = Release|Any CPU
	EndGlobalSection
	GlobalSection(SolutionProperties) = preSolution
		HideSolutionNode = FALSE
	EndGlobalSection
	GlobalSection(ExtensibilityGlobals) = postSolution
		SolutionGuid = {D26A5577-768B-4935-A922-5C420C58194B}
	EndGlobalSection
EndGlobal
